
Microsoft Visual Studio Solution File, Format Version 12.00
# Visual Studio Version 16
VisualStudioVersion = 16.0.31005.135
MinimumVisualStudioVersion = 10.0.40219.1
Project("{FAE04EC0-301F-11D3-BF4B-00C04F79EFBC}") = "Chp6_CashRegister5", "Chp6_CashRegister5\Chp6_CashRegister5.csproj", "{09AE45CB-136A-44BD-9884-DA1B8386D797}"
EndProject
Global
	GlobalSection(SolutionConfigurationPlatforms) = preSolution
		Debug|Any CPU = Debug|Any CPU
		Release|Any CPU = Release|Any CPU
	EndGlobalSection
	GlobalSection(ProjectConfigurationPlatforms) = postSolution
		{09AE45CB-136A-44BD-9884-DA1B8386D797}.Debug|Any CPU.ActiveCfg = Debug|Any CPU
		{09AE45CB-136A-44BD-9884-DA1B8386D797}.Debug|Any CPU.Build.0 = Debug|Any CPU
		{09AE45CB-136A-44BD-9884-DA1B8386D797}.Release|Any CPU.ActiveCfg = Release|Any CPU
		{09AE45CB-136A-44BD-9884-DA1B8386D797}.Release|Any CPU.Build.0 = Release|Any CPU
	EndGlobalSection
	GlobalSection(SolutionProperties) = preSolution
		HideSolutionNode = FALSE
	EndGlobalSection
	GlobalSection(ExtensibilityGlobals) = postSolution
		SolutionGuid = {86A90EE7-F205-4B04-80F5-43468EA484E8}
	EndGlobalSection
EndGlobal
